
Microsoft Visual Studio Solution File, Format Version 12.00
# Visual Studio Version 16
VisualStudioVersion = 16.0.31025.194
MinimumVisualStudioVersion = 10.0.40219.1
Project("{9A19103F-16F7-4668-BE54-9A1E7A4F7556}") = "ZyncAudio", "ZyncAudio\ZyncAudio.csproj", "{9D88CF7B-CB57-4CB8-918D-CCEE0315B6DD}"
EndProject
Project("{2150E333-8FDC-42A3-9474-1A3956D46DE8}") = "Solution Items", "Solution Items", "{10EAF403-CBF9-4B02-9631-59E63BA53739}"
	ProjectSection(SolutionItems) = preProject
		.editorconfig = .editorconfig
	EndProjectSection
EndProject
Global
	GlobalSection(SolutionConfigurationPlatforms) = preSolution
		Debug|Any CPU = Debug|Any CPU
		Release|Any CPU = Release|Any CPU
	EndGlobalSection
	GlobalSection(ProjectConfigurationPlatforms) = postSolution
		{9D88CF7B-CB57-4CB8-918D-CCEE0315B6DD}.Debug|Any CPU.ActiveCfg = Debug|Any CPU
		{9D88CF7B-CB57-4CB8-918D-CCEE0315B6DD}.Debug|Any CPU.Build.0 = Debug|Any CPU
		{9D88CF7B-CB57-4CB8-918D-CCEE0315B6DD}.Release|Any CPU.ActiveCfg = Release|Any CPU
		{9D88CF7B-CB57-4CB8-918D-CCEE0315B6DD}.Release|Any CPU.Build.0 = Release|Any CPU
	EndGlobalSection
	GlobalSection(SolutionProperties) = preSolution
		HideSolutionNode = FALSE
	EndGlobalSection
	GlobalSection(ExtensibilityGlobals) = postSolution
		SolutionGuid = {10CDA20E-502D-429C-910F-B8E649B5D3AF}
	EndGlobalSection
EndGlobal
